
Microsoft Visual Studio Solution File, Format Version 12.00
# Visual Studio Version 16
VisualStudioVersion = 16.0.31112.23
MinimumVisualStudioVersion = 10.0.40219.1
Project("{FAE04EC0-301F-11D3-BF4B-00C04F79EFBC}") = "Final Exam", "Final Exam\Final Exam.csproj", "{C4990350-5009-4DC3-BECB-955C8088EA2E}"
EndProject
Global
	GlobalSection(SolutionConfigurationPlatforms) = preSolution
		Debug|Any CPU = Debug|Any CPU
		Release|Any CPU = Release|Any CPU
	EndGlobalSection
	GlobalSection(ProjectConfigurationPlatforms) = postSolution
		{C4990350-5009-4DC3-BECB-955C8088EA2E}.Debug|Any CPU.ActiveCfg = Debug|Any CPU
		{C4990350-5009-4DC3-BECB-955C8088EA2E}.Debug|Any CPU.Build.0 = Debug|Any CPU
		{C4990350-5009-4DC3-BECB-955C8088EA2E}.Release|Any CPU.ActiveCfg = Release|Any CPU
		{C4990350-5009-4DC3-BECB-955C8088EA2E}.Release|Any CPU.Build.0 = Release|Any CPU
	EndGlobalSection
	GlobalSection(SolutionProperties) = preSolution
		HideSolutionNode = FALSE
	EndGlobalSection
	GlobalSection(ExtensibilityGlobals) = postSolution
		SolutionGuid = {9E9E5EAA-BA53-42B6-AEBD-A2B86FD9C7F6}
	EndGlobalSection
EndGlobal
